
Microsoft Visual Studio Solution File, Format Version 10.00
# Visual Studio 2008
Project("{FAE04EC0-301F-11D3-BF4B-00C04F79EFBC}") = "ideas.server.manager", "ideas.server.manager\ideas.server.manager.csproj", "{905EBE7A-466E-4357-8ECC-437854B5A3C6}"
EndProject
Project("{FAE04EC0-301F-11D3-BF4B-00C04F79EFBC}") = "ideas.client", "ideas.client\ideas.client.csproj", "{EE6C1C4B-0388-49B4-89F7-BA6AB8D88B78}"
EndProject
Project("{FAE04EC0-301F-11D3-BF4B-00C04F79EFBC}") = "ideas.server.tagsdatabase", "ideas.server\ideas.server.tagsdatabase.csproj", "{7DDF7703-FC93-4126-8CC4-878C1CC6545F}"
EndProject
Project("{FAE04EC0-301F-11D3-BF4B-00C04F79EFBC}") = "ideas.common", "ideas.common\ideas.common.csproj", "{24677F3D-E07D-4BC2-885C-F8CAF90F214D}"
EndProject
Project("{FAE04EC0-301F-11D3-BF4B-00C04F79EFBC}") = "ideas.server.webservice", "ideas.server.webservice\ideas.server.webservice.csproj", "{2DEEC744-1B61-49EB-9A7F-36C090377DC6}"
EndProject
Global
	GlobalSection(SolutionConfigurationPlatforms) = preSolution
		Debug|x86 = Debug|x86
		Release|x86 = Release|x86
	EndGlobalSection
	GlobalSection(ProjectConfigurationPlatforms) = postSolution
		{24677F3D-E07D-4BC2-885C-F8CAF90F214D}.Debug|x86.ActiveCfg = Debug|Any CPU
		{24677F3D-E07D-4BC2-885C-F8CAF90F214D}.Debug|x86.Build.0 = Debug|Any CPU
		{24677F3D-E07D-4BC2-885C-F8CAF90F214D}.Release|x86.ActiveCfg = Release|Any CPU
		{24677F3D-E07D-4BC2-885C-F8CAF90F214D}.Release|x86.Build.0 = Release|Any CPU
		{2DEEC744-1B61-49EB-9A7F-36C090377DC6}.Debug|x86.ActiveCfg = Debug|Any CPU
		{2DEEC744-1B61-49EB-9A7F-36C090377DC6}.Debug|x86.Build.0 = Debug|Any CPU
		{2DEEC744-1B61-49EB-9A7F-36C090377DC6}.Release|x86.ActiveCfg = Release|Any CPU
		{2DEEC744-1B61-49EB-9A7F-36C090377DC6}.Release|x86.Build.0 = Release|Any CPU
		{7DDF7703-FC93-4126-8CC4-878C1CC6545F}.Debug|x86.ActiveCfg = Debug|x86
		{7DDF7703-FC93-4126-8CC4-878C1CC6545F}.Debug|x86.Build.0 = Debug|x86
		{7DDF7703-FC93-4126-8CC4-878C1CC6545F}.Release|x86.ActiveCfg = Release|x86
		{7DDF7703-FC93-4126-8CC4-878C1CC6545F}.Release|x86.Build.0 = Release|x86
		{905EBE7A-466E-4357-8ECC-437854B5A3C6}.Debug|x86.ActiveCfg = Debug|x86
		{905EBE7A-466E-4357-8ECC-437854B5A3C6}.Debug|x86.Build.0 = Debug|x86
		{905EBE7A-466E-4357-8ECC-437854B5A3C6}.Release|x86.ActiveCfg = Release|x86
		{905EBE7A-466E-4357-8ECC-437854B5A3C6}.Release|x86.Build.0 = Release|x86
		{EE6C1C4B-0388-49B4-89F7-BA6AB8D88B78}.Debug|x86.ActiveCfg = Debug|x86
		{EE6C1C4B-0388-49B4-89F7-BA6AB8D88B78}.Debug|x86.Build.0 = Debug|x86
		{EE6C1C4B-0388-49B4-89F7-BA6AB8D88B78}.Release|x86.ActiveCfg = Release|x86
		{EE6C1C4B-0388-49B4-89F7-BA6AB8D88B78}.Release|x86.Build.0 = Release|x86
	EndGlobalSection
	GlobalSection(MonoDevelopProperties) = preSolution
		StartupItem = ideas.server.manager\ideas.server.manager.csproj
		Policies = $0
		$0.TextStylePolicy = $1
		$1.TabWidth = 4
		$1.inheritsSet = Mono
		$1.inheritsScope = text/plain
		$1.scope = text/x-csharp
		$0.CSharpFormattingPolicy = $2
		$2.inheritsSet = Mono
		$2.inheritsScope = text/x-csharp
		$2.scope = text/x-csharp
		$0.TextStylePolicy = $3
		$3.inheritsSet = Mono
		$3.inheritsScope = text/plain
		$3.scope = text/plain
		$0.TextStylePolicy = $4
		$4.inheritsSet = Mono
		$4.inheritsScope = text/plain
		$4.scope = application/x-desktop
		$0.TextStylePolicy = $5
		$5.inheritsSet = VisualStudio
		$5.inheritsScope = text/plain
		$5.scope = application/x-asmx
		$0.StandardHeader = $6
		$6.Text = 
		$6.inheritsSet = Apache2License
		$0.VersionControlPolicy = $7
		$7.inheritsSet = Mono
		$0.ChangeLogPolicy = $8
		$8.UpdateMode = None
		$8.MessageStyle = $9
		$9.LineAlign = 0
		$8.inheritsSet = Mono
	EndGlobalSection
EndGlobal
